// !$*UTF8*$!
{
	archiveVersion = 1;
	classes = {
	};
	objectVersion = 46;
	objects = {

/* Begin PBXBuildFile section */
		A2E15A981933E0EB00CAEB3D /* Foundation.framework in Frameworks */ = {isa = PBXBuildFile; fileRef = A2E15A971933E0EB00CAEB3D /* Foundation.framework */; };
		A2E15A9A1933E0EB00CAEB3D /* CoreGraphics.framework in Frameworks */ = {isa = PBXBuildFile; fileRef = A2E15A991933E0EB00CAEB3D /* CoreGraphics.framework */; };
		A2E15A9C1933E0EB00CAEB3D /* UIKit.framework in Frameworks */ = {isa = PBXBuildFile; fileRef = A2E15A9B1933E0EB00CAEB3D /* UIKit.framework */; };
		A2E15AA21933E0EB00CAEB3D /* InfoPlist.strings in Resources */ = {isa = PBXBuildFile; fileRef = A2E15AA01933E0EB00CAEB3D /* InfoPlist.strings */; };
		A2E15AA41933E0EB00CAEB3D /* main.m in Sources */ = {isa = PBXBuildFile; fileRef = A2E15AA31933E0EB00CAEB3D /* main.m */; };
		A2E15AA81933E0EB00CAEB3D /* KKAppDelegate.m in Sources */ = {isa = PBXBuildFile; fileRef = A2E15AA71933E0EB00CAEB3D /* KKAppDelegate.m */; };
		A2E15AAB1933E0EB00CAEB3D /* Main.storyboard in Resources */ = {isa = PBXBuildFile; fileRef = A2E15AA91933E0EB00CAEB3D /* Main.storyboard */; };
		A2E15AAE1933E0EB00CAEB3D /* KKViewController.m in Sources */ = {isa = PBXBuildFile; fileRef = A2E15AAD1933E0EB00CAEB3D /* KKViewController.m */; };
		A2E15AB01933E0EB00CAEB3D /* Images.xcassets in Resources */ = {isa = PBXBuildFile; fileRef = A2E15AAF1933E0EB00CAEB3D /* Images.xcassets */; };
		A2E15AB71933E0EB00CAEB3D /* XCTest.framework in Frameworks */ = {isa = PBXBuildFile; fileRef = A2E15AB61933E0EB00CAEB3D /* XCTest.framework */; };
		A2E15AB81933E0EB00CAEB3D /* Foundation.framework in Frameworks */ = {isa = PBXBuildFile; fileRef = A2E15A971933E0EB00CAEB3D /* Foundation.framework */; };
		A2E15AB91933E0EB00CAEB3D /* UIKit.framework in Frameworks */ = {isa = PBXBuildFile; fileRef = A2E15A9B1933E0EB00CAEB3D /* UIKit.framework */; };
		A2E15AC11933E0EB00CAEB3D /* InfoPlist.strings in Resources */ = {isa = PBXBuildFile; fileRef = A2E15ABF1933E0EB00CAEB3D /* InfoPlist.strings */; };
		A2E15AC31933E0EB00CAEB3D /* UITableViewController_Challenge_SolutionTests.m in Sources */ = {isa = PBXBuildFile; fileRef = A2E15AC21933E0EB00CAEB3D /* UITableViewController_Challenge_SolutionTests.m */; };
/* End PBXBuildFile section */

/* Begin PBXContainerItemProxy section */
		A2E15ABA1933E0EB00CAEB3D /* PBXContainerItemProxy */ = {
			isa = PBXContainerItemProxy;
			containerPortal = A2E15A8C1933E0EB00CAEB3D /* Project object */;
			proxyType = 1;
			remoteGlobalIDString = A2E15A931933E0EB00CAEB3D;
			remoteInfo = "UITableViewController Challenge Solution";
		};
/* End PBXContainerItemProxy section */

/* Begin PBXFileReference section */
		A2E15A941933E0EB00CAEB3D /* UITableViewController Challenge Solution.app */ = {isa = PBXFileReference; explicitFileType = wrapper.application; includeInIndex = 0; path = "UITableViewController Challenge Solution.app"; sourceTree = BUILT_PRODUCTS_DIR; };
		A2E15A971933E0EB00CAEB3D /* Foundation.framework */ = {isa = PBXFileReference; lastKnownFileType = wrapper.framework; name = Foundation.framework; path = System/Library/Frameworks/Foundation.framework; sourceTree = SDKROOT; };
		A2E15A991933E0EB00CAEB3D /* CoreGraphics.framework */ = {isa = PBXFileReference; lastKnownFileType = wrapper.framework; name = CoreGraphics.framework; path = System/Library/Frameworks/CoreGraphics.framework; sourceTree = SDKROOT; };
		A2E15A9B1933E0EB00CAEB3D /* UIKit.framework */ = {isa = PBXFileReference; lastKnownFileType = wrapper.framework; name = UIKit.framework; path = System/Library/Frameworks/UIKit.framework; sourceTree = SDKROOT; };
		A2E15A9F1933E0EB00CAEB3D /* UITableViewController Challenge Solution-Info.plist */ = {isa = PBXFileReference; lastKnownFileType = text.plist.xml; path = "UITableViewController Challenge Solution-Info.plist"; sourceTree = "<group>"; };
		A2E15AA11933E0EB00CAEB3D /* en */ = {isa = PBXFileReference; lastKnownFileType = text.plist.strings; name = en; path = en.lproj/InfoPlist.strings; sourceTree = "<group>"; };
		A2E15AA31933E0EB00CAEB3D /* main.m */ = {isa = PBXFileReference; lastKnownFileType = sourcecode.c.objc; path = main.m; sourceTree = "<group>"; };
		A2E15AA51933E0EB00CAEB3D /* UITableViewController Challenge Solution-Prefix.pch */ = {isa = PBXFileReference; lastKnownFileType = sourcecode.c.h; path = "UITableViewController Challenge Solution-Prefix.pch"; sourceTree = "<group>"; };
		A2E15AA61933E0EB00CAEB3D /* KKAppDelegate.h */ = {isa = PBXFileReference; lastKnownFileType = sourcecode.c.h; path = KKAppDelegate.h; sourceTree = "<group>"; };
		A2E15AA71933E0EB00CAEB3D /* KKAppDelegate.m */ = {isa = PBXFileReference; lastKnownFileType = sourcecode.c.objc; path = KKAppDelegate.m; sourceTree = "<group>"; };
		A2E15AAA1933E0EB00CAEB3D /* Base */ = {isa = PBXFileReference; lastKnownFileType = file.storyboard; name = Base; path = Base.lproj/Main.storyboard; sourceTree = "<group>"; };
		A2E15AAC1933E0EB00CAEB3D /* KKViewController.h */ = {isa = PBXFileReference; lastKnownFileType = sourcecode.c.h; path = KKViewController.h; sourceTree = "<group>"; };
		A2E15AAD1933E0EB00CAEB3D /* KKViewController.m */ = {isa = PBXFileReference; lastKnownFileType = sourcecode.c.objc; path = KKViewController.m; sourceTree = "<group>"; };
		A2E15AAF1933E0EB00CAEB3D /* Images.xcassets */ = {isa = PBXFileReference; lastKnownFileType = folder.assetcatalog; path = Images.xcassets; sourceTree = "<group>"; };
		A2E15AB51933E0EB00CAEB3D /* UITableViewController Challenge SolutionTests.xctest */ = {isa = PBXFileReference; explicitFileType = wrapper.cfbundle; includeInIndex = 0; path = "UITableViewController Challenge SolutionTests.xctest"; sourceTree = BUILT_PRODUCTS_DIR; };
		A2E15AB61933E0EB00CAEB3D /* XCTest.framework */ = {isa = PBXFileReference; lastKnownFileType = wrapper.framework; name = XCTest.framework; path = Library/Frameworks/XCTest.framework; sourceTree = DEVELOPER_DIR; };
		A2E15ABE1933E0EB00CAEB3D /* UITableViewController Challenge SolutionTests-Info.plist */ = {isa = PBXFileReference; lastKnownFileType = text.plist.xml; path = "UITableViewController Challenge SolutionTests-Info.plist"; sourceTree = "<group>"; };
		A2E15AC01933E0EB00CAEB3D /* en */ = {isa = PBXFileReference; lastKnownFileType = text.plist.strings; name = en; path = en.lproj/InfoPlist.strings; sourceTree = "<group>"; };
		A2E15AC21933E0EB00CAEB3D /* UITableViewController_Challenge_SolutionTests.m */ = {isa = PBXFileReference; lastKnownFileType = sourcecode.c.objc; path = UITableViewController_Challenge_SolutionTests.m; sourceTree = "<group>"; };
/* End PBXFileReference section */

/* Begin PBXFrameworksBuildPhase section */
		A2E15A911933E0EB00CAEB3D /* Frameworks */ = {
			isa = PBXFrameworksBuildPhase;
			buildActionMask = 2147483647;
			files = (
				A2E15A9A1933E0EB00CAEB3D /* CoreGraphics.framework in Frameworks */,
				A2E15A9C1933E0EB00CAEB3D /* UIKit.framework in Frameworks */,
				A2E15A981933E0EB00CAEB3D /* Foundation.framework in Frameworks */,
			);
			runOnlyForDeploymentPostprocessing = 0;
		};
		A2E15AB21933E0EB00CAEB3D /* Frameworks */ = {
			isa = PBXFrameworksBuildPhase;
			buildActionMask = 2147483647;
			files = (
				A2E15AB71933E0EB00CAEB3D /* XCTest.framework in Frameworks */,
				A2E15AB91933E0EB00CAEB3D /* UIKit.framework in Frameworks */,
				A2E15AB81933E0EB00CAEB3D /* Foundation.framework in Frameworks */,
			);
			runOnlyForDeploymentPostprocessing = 0;
		};
/* End PBXFrameworksBuildPhase section */

/* Begin PBXGroup section */
		A2E15A8B1933E0EB00CAEB3D = {
			isa = PBXGroup;
			children = (
				A2E15A9D1933E0EB00CAEB3D /* UITableViewController Challenge Solution */,
				A2E15ABC1933E0EB00CAEB3D /* UITableViewController Challenge SolutionTests */,
				A2E15A961933E0EB00CAEB3D /* Frameworks */,
				A2E15A951933E0EB00CAEB3D /* Products */,
			);
			sourceTree = "<group>";
		};
		A2E15A951933E0EB00CAEB3D /* Products */ = {
			isa = PBXGroup;
			children = (
				A2E15A941933E0EB00CAEB3D /* UITableViewController Challenge Solution.app */,
				A2E15AB51933E0EB00CAEB3D /* UITableViewController Challenge SolutionTests.xctest */,
			);
			name = Products;
			sourceTree = "<group>";
		};
		A2E15A961933E0EB00CAEB3D /* Frameworks */ = {
			isa = PBXGroup;
			children = (
				A2E15A971933E0EB00CAEB3D /* Foundation.framework */,
				A2E15A991933E0EB00CAEB3D /* CoreGraphics.framework */,
				A2E15A9B1933E0EB00CAEB3D /* UIKit.framework */,
				A2E15AB61933E0EB00CAEB3D /* XCTest.framework */,
			);
			name = Frameworks;
			sourceTree = "<group>";
		};
		A2E15A9D1933E0EB00CAEB3D /* UITableViewController Challenge Solution */ = {
			isa = PBXGroup;
			children = (
				A2E15AA61933E0EB00CAEB3D /* KKAppDelegate.h */,
				A2E15AA71933E0EB00CAEB3D /* KKAppDelegate.m */,
				A2E15AA91933E0EB00CAEB3D /* Main.storyboard */,
				A2E15AAC1933E0EB00CAEB3D /* KKViewController.h */,
				A2E15AAD1933E0EB00CAEB3D /* KKViewController.m */,
				A2E15AAF1933E0EB00CAEB3D /* Images.xcassets */,
				A2E15A9E1933E0EB00CAEB3D /* Supporting Files */,
			);
			path = "UITableViewController Challenge Solution";
			sourceTree = "<group>";
		};
		A2E15A9E1933E0EB00CAEB3D /* Supporting Files */ = {
			isa = PBXGroup;
			children = (
				A2E15A9F1933E0EB00CAEB3D /* UITableViewController Challenge Solution-Info.plist */,
				A2E15AA01933E0EB00CAEB3D /* InfoPlist.strings */,
				A2E15AA31933E0EB00CAEB3D /* main.m */,
				A2E15AA51933E0EB00CAEB3D /* UITableViewController Challenge Solution-Prefix.pch */,
			);
			name = "Supporting Files";
			sourceTree = "<group>";
		};
		A2E15ABC1933E0EB00CAEB3D /* UITableViewController Challenge SolutionTests */ = {
			isa = PBXGroup;
			children = (
				A2E15AC21933E0EB00CAEB3D /* UITableViewController_Challenge_SolutionTests.m */,
				A2E15ABD1933E0EB00CAEB3D /* Supporting Files */,
			);
			path = "UITableViewController Challenge SolutionTests";
			sourceTree = "<group>";
		};
		A2E15ABD1933E0EB00CAEB3D /* Supporting Files */ = {
			isa = PBXGroup;
			children = (
				A2E15ABE1933E0EB00CAEB3D /* UITableViewController Challenge SolutionTests-Info.plist */,
				A2E15ABF1933E0EB00CAEB3D /* InfoPlist.strings */,
			);
			name = "Supporting Files";
			sourceTree = "<group>";
		};
/* End PBXGroup section */

/* Begin PBXNativeTarget section */
		A2E15A931933E0EB00CAEB3D /* UITableViewController Challenge Solution */ = {
			isa = PBXNativeTarget;
			buildConfigurationList = A2E15AC61933E0EB00CAEB3D /* Build configuration list for PBXNativeTarget "UITableViewController Challenge Solution" */;
			buildPhases = (
				A2E15A901933E0EB00CAEB3D /* Sources */,
				A2E15A911933E0EB00CAEB3D /* Frameworks */,
				A2E15A921933E0EB00CAEB3D /* Resources */,
			);
			buildRules = (
			);
			dependencies = (
			);
			name = "UITableViewController Challenge Solution";
			productName = "UITableViewController Challenge Solution";
			productReference = A2E15A941933E0EB00CAEB3D /* UITableViewController Challenge Solution.app */;
			productType = "com.apple.product-type.application";
		};
		A2E15AB41933E0EB00CAEB3D /* UITableViewController Challenge SolutionTests */ = {
			isa = PBXNativeTarget;
			buildConfigurationList = A2E15AC91933E0EB00CAEB3D /* Build configuration list for PBXNativeTarget "UITableViewController Challenge SolutionTests" */;
			buildPhases = (
				A2E15AB11933E0EB00CAEB3D /* Sources */,
				A2E15AB21933E0EB00CAEB3D /* Frameworks */,
				A2E15AB31933E0EB00CAEB3D /* Resources */,
			);
			buildRules = (
			);
			dependencies = (
				A2E15ABB1933E0EB00CAEB3D /* PBXTargetDependency */,
			);
			name = "UITableViewController Challenge SolutionTests";
			productName = "UITableViewController Challenge SolutionTests";
			productReference = A2E15AB51933E0EB00CAEB3D /* UITableViewController Challenge SolutionTests.xctest */;
			productType = "com.apple.product-type.bundle.unit-test";
		};
/* End PBXNativeTarget section */

/* Begin PBXProject section */
		A2E15A8C1933E0EB00CAEB3D /* Project object */ = {
			isa = PBXProject;
			attributes = {
				CLASSPREFIX = KK;
				LastUpgradeCheck = 0510;
				ORGANIZATIONNAME = "Kelly Kimball";
				TargetAttributes = {
					A2E15AB41933E0EB00CAEB3D = {
						TestTargetID = A2E15A931933E0EB00CAEB3D;
					};
				};
			};
			buildConfigurationList = A2E15A8F1933E0EB00CAEB3D /* Build configuration list for PBXProject "UITableViewController Challenge Solution" */;
			compatibilityVersion = "Xcode 3.2";
			developmentRegion = English;
			hasScannedForEncodings = 0;
			knownRegions = (
				en,
				Base,
			);
			mainGroup = A2E15A8B1933E0EB00CAEB3D;
			productRefGroup = A2E15A951933E0EB00CAEB3D /* Products */;
			projectDirPath = "";
			projectRoot = "";
			targets = (
				A2E15A931933E0EB00CAEB3D /* UITableViewController Challenge Solution */,
				A2E15AB41933E0EB00CAEB3D /* UITableViewController Challenge SolutionTests */,
			);
		};
/* End PBXProject section */

/* Begin PBXResourcesBuildPhase section */
		A2E15A921933E0EB00CAEB3D /* Resources */ = {
			isa = PBXResourcesBuildPhase;
			buildActionMask = 2147483647;
			files = (
				A2E15AB01933E0EB00CAEB3D /* Images.xcassets in Resources */,
				A2E15AA21933E0EB00CAEB3D /* InfoPlist.strings in Resources */,
				A2E15AAB1933E0EB00CAEB3D /* Main.storyboard in Resources */,
			);
			runOnlyForDeploymentPostprocessing = 0;
		};
		A2E15AB31933E0EB00CAEB3D /* Resources */ = {
			isa = PBXResourcesBuildPhase;
			buildActionMask = 2147483647;
			files = (
				A2E15AC11933E0EB00CAEB3D /* InfoPlist.strings in Resources */,
			);
			runOnlyForDeploymentPostprocessing = 0;
		};
/* End PBXResourcesBuildPhase section */

/* Begin PBXSourcesBuildPhase section */
		A2E15A901933E0EB00CAEB3D /* Sources */ = {
			isa = PBXSourcesBuildPhase;
			buildActionMask = 2147483647;
			files = (
				A2E15AAE1933E0EB00CAEB3D /* KKViewController.m in Sources */,
				A2E15AA81933E0EB00CAEB3D /* KKAppDelegate.m in Sources */,
				A2E15AA41933E0EB00CAEB3D /* main.m in Sources */,
			);
			runOnlyForDeploymentPostprocessing = 0;
		};
		A2E15AB11933E0EB00CAEB3D /* Sources */ = {
			isa = PBXSourcesBuildPhase;
			buildActionMask = 2147483647;
			files = (
				A2E15AC31933E0EB00CAEB3D /* UITableViewController_Challenge_SolutionTests.m in Sources */,
			);
			runOnlyForDeploymentPostprocessing = 0;
		};
/* End PBXSourcesBuildPhase section */

/* Begin PBXTargetDependency section */
		A2E15ABB1933E0EB00CAEB3D /* PBXTargetDependency */ = {
			isa = PBXTargetDependency;
			target = A2E15A931933E0EB00CAEB3D /* UITableViewController Challenge Solution */;
			targetProxy = A2E15ABA1933E0EB00CAEB3D /* PBXContainerItemProxy */;
		};
/* End PBXTargetDependency section */

/* Begin PBXVariantGroup section */
		A2E15AA01933E0EB00CAEB3D /* InfoPlist.strings */ = {
			isa = PBXVariantGroup;
			children = (
				A2E15AA11933E0EB00CAEB3D /* en */,
			);
			name = InfoPlist.strings;
			sourceTree = "<group>";
		};
		A2E15AA91933E0EB00CAEB3D /* Main.storyboard */ = {
			isa = PBXVariantGroup;
			children = (
				A2E15AAA1933E0EB00CAEB3D /* Base */,
			);
			name = Main.storyboard;
			sourceTree = "<group>";
		};
		A2E15ABF1933E0EB00CAEB3D /* InfoPlist.strings */ = {
			isa = PBXVariantGroup;
			children = (
				A2E15AC01933E0EB00CAEB3D /* en */,
			);
			name = InfoPlist.strings;
			sourceTree = "<group>";
		};
/* End PBXVariantGroup section */

/* Begin XCBuildConfiguration section */
		A2E15AC41933E0EB00CAEB3D /* Debug */ = {
			isa = XCBuildConfiguration;
			buildSettings = {
				ALWAYS_SEARCH_USER_PATHS = NO;
				CLANG_CXX_LANGUAGE_STANDARD = "gnu++0x";
				CLANG_CXX_LIBRARY = "libc++";
				CLANG_ENABLE_MODULES = YES;
				CLANG_ENABLE_OBJC_ARC = YES;
				CLANG_WARN_BOOL_CONVERSION = YES;
				CLANG_WARN_CONSTANT_CONVERSION = YES;
				CLANG_WARN_DIRECT_OBJC_ISA_USAGE = YES_ERROR;
				CLANG_WARN_EMPTY_BODY = YES;
				CLANG_WARN_ENUM_CONVERSION = YES;
				CLANG_WARN_INT_CONVERSION = YES;
				CLANG_WARN_OBJC_ROOT_CLASS = YES_ERROR;
				CLANG_WARN__DUPLICATE_METHOD_MATCH = YES;
				"CODE_SIGN_IDENTITY[sdk=iphoneos*]" = "iPhone Developer";
				COPY_PHASE_STRIP = NO;
				GCC_C_LANGUAGE_STANDARD = gnu99;
				GCC_DYNAMIC_NO_PIC = NO;
				GCC_OPTIMIZATION_LEVEL = 0;
				GCC_PREPROCESSOR_DEFINITIONS = (
					"DEBUG=1",
					"$(inherited)",
				);
				GCC_SYMBOLS_PRIVATE_EXTERN = NO;
				GCC_WARN_64_TO_32_BIT_CONVERSION = YES;
				GCC_WARN_ABOUT_RETURN_TYPE = YES_ERROR;
				GCC_WARN_UNDECLARED_SELECTOR = YES;
				GCC_WARN_UNINITIALIZED_AUTOS = YES_AGGRESSIVE;
				GCC_WARN_UNUSED_FUNCTION = YES;
				GCC_WARN_UNUSED_VARIABLE = YES;
				IPHONEOS_DEPLOYMENT_TARGET = 7.1;
				ONLY_ACTIVE_ARCH = YES;
				SDKROOT = iphoneos;
			};
			name = Debug;
		};
		A2E15AC51933E0EB00CAEB3D /* Release */ = {
			isa = XCBuildConfiguration;
			buildSettings = {
				ALWAYS_SEARCH_USER_PATHS = NO;
				CLANG_CXX_LANGUAGE_STANDARD = "gnu++0x";
				CLANG_CXX_LIBRARY = "libc++";
				CLANG_ENABLE_MODULES = YES;
				CLANG_ENABLE_OBJC_ARC = YES;
				CLANG_WARN_BOOL_CONVERSION = YES;
				CLANG_WARN_CONSTANT_CONVERSION = YES;
				CLANG_WARN_DIRECT_OBJC_ISA_USAGE = YES_ERROR;
				CLANG_WARN_EMPTY_BODY = YES;
				CLANG_WARN_ENUM_CONVERSION = YES;
				CLANG_WARN_INT_CONVERSION = YES;
				CLANG_WARN_OBJC_ROOT_CLASS = YES_ERROR;
				CLANG_WARN__DUPLICATE_METHOD_MATCH = YES;
				"CODE_SIGN_IDENTITY[sdk=iphoneos*]" = "iPhone Developer";
				COPY_PHASE_STRIP = YES;
				ENABLE_NS_ASSERTIONS = NO;
				GCC_C_LANGUAGE_STANDARD = gnu99;
				GCC_WARN_64_TO_32_BIT_CONVERSION = YES;
				GCC_WARN_ABOUT_RETURN_TYPE = YES_ERROR;
				GCC_WARN_UNDECLARED_SELECTOR = YES;
				GCC_WARN_UNINITIALIZED_AUTOS = YES_AGGRESSIVE;
				GCC_WARN_UNUSED_FUNCTION = YES;
				GCC_WARN_UNUSED_VARIABLE = YES;
				IPHONEOS_DEPLOYMENT_TARGET = 7.1;
				SDKROOT = iphoneos;
				VALIDATE_PRODUCT = YES;
			};
			name = Release;
		};
		A2E15AC71933E0EB00CAEB3D /* Debug */ = {
			isa = XCBuildConfiguration;
			buildSettings = {
				ASSETCATALOG_COMPILER_APPICON_NAME = AppIcon;
				ASSETCATALOG_COMPILER_LAUNCHIMAGE_NAME = LaunchImage;
				GCC_PRECOMPILE_PREFIX_HEADER = YES;
				GCC_PREFIX_HEADER = "UITableViewController Challenge Solution/UITableViewController Challenge Solution-Prefix.pch";
				INFOPLIST_FILE = "UITableViewController Challenge Solution/UITableViewController Challenge Solution-Info.plist";
				PRODUCT_NAME = "$(TARGET_NAME)";
				WRAPPER_EXTENSION = app;
			};
			name = Debug;
		};
		A2E15AC81933E0EB00CAEB3D /* Release */ = {
			isa = XCBuildConfiguration;
			buildSettings = {
				ASSETCATALOG_COMPILER_APPICON_NAME = AppIcon;
				ASSETCATALOG_COMPILER_LAUNCHIMAGE_NAME = LaunchImage;
				GCC_PRECOMPILE_PREFIX_HEADER = YES;
				GCC_PREFIX_HEADER = "UITableViewController Challenge Solution/UITableViewController Challenge Solution-Prefix.pch";
				INFOPLIST_FILE = "UITableViewController Challenge Solution/UITableViewController Challenge Solution-Info.plist";
				PRODUCT_NAME = "$(TARGET_NAME)";
				WRAPPER_EXTENSION = app;
			};
			name = Release;
		};
		A2E15ACA1933E0EB00CAEB3D /* Debug */ = {
			isa = XCBuildConfiguration;
			buildSettings = {
				BUNDLE_LOADER = "$(BUILT_PRODUCTS_DIR)/UITableViewController Challenge Solution.app/UITableViewController Challenge Solution";
				FRAMEWORK_SEARCH_PATHS = (
					"$(SDKROOT)/Developer/Library/Frameworks",
					"$(inherited)",
					"$(DEVELOPER_FRAMEWORKS_DIR)",
				);
				GCC_PRECOMPILE_PREFIX_HEADER = YES;
				GCC_PREFIX_HEADER = "UITableViewController Challenge Solution/UITableViewController Challenge Solution-Prefix.pch";
				GCC_PREPROCESSOR_DEFINITIONS = (
					"DEBUG=1",
					"$(inherited)",
				);
				INFOPLIST_FILE = "UITableViewController Challenge SolutionTests/UITableViewController Challenge SolutionTests-Info.plist";
				PRODUCT_NAME = "$(TARGET_NAME)";
				TEST_HOST = "$(BUNDLE_LOADER)";
				WRAPPER_EXTENSION = xctest;
			};
			name = Debug;
		};
		A2E15ACB1933E0EB00CAEB3D /* Release */ = {
			isa = XCBuildConfiguration;
			buildSettings = {
				BUNDLE_LOADER = "$(BUILT_PRODUCTS_DIR)/UITableViewController Challenge Solution.app/UITableViewController Challenge Solution";
				FRAMEWORK_SEARCH_PATHS = (
					"$(SDKROOT)/Developer/Library/Frameworks",
					"$(inherited)",
					"$(DEVELOPER_FRAMEWORKS_DIR)",
				);
				GCC_PRECOMPILE_PREFIX_HEADER = YES;
				GCC_PREFIX_HEADER = "UITableViewController Challenge Solution/UITableViewController Challenge Solution-Prefix.pch";
				INFOPLIST_FILE = "UITableViewController Challenge SolutionTests/UITableViewController Challenge SolutionTests-Info.plist";
				PRODUCT_NAME = "$(TARGET_NAME)";
				TEST_HOST = "$(BUNDLE_LOADER)";
				WRAPPER_EXTENSION = xctest;
			};
			name = Release;
		};
/* End XCBuildConfiguration section */

/* Begin XCConfigurationList section */
		A2E15A8F1933E0EB00CAEB3D /* Build configuration list for PBXProject "UITableViewController Challenge Solution" */ = {
			isa = XCConfigurationList;
			buildConfigurations = (
				A2E15AC41933E0EB00CAEB3D /* Debug */,
				A2E15AC51933E0EB00CAEB3D /* Release */,
			);
			defaultConfigurationIsVisible = 0;
			defaultConfigurationName = Release;
		};
		A2E15AC61933E0EB00CAEB3D /* Build configuration list for PBXNativeTarget "UITableViewController Challenge Solution" */ = {
			isa = XCConfigurationList;
			buildConfigurations = (
				A2E15AC71933E0EB00CAEB3D /* Debug */,
				A2E15AC81933E0EB00CAEB3D /* Release */,
			);
			defaultConfigurationIsVisible = 0;
		};
		A2E15AC91933E0EB00CAEB3D /* Build configuration list for PBXNativeTarget "UITableViewController Challenge SolutionTests" */ = {
			isa = XCConfigurationList;
			buildConfigurations = (
				A2E15ACA1933E0EB00CAEB3D /* Debug */,
				A2E15ACB1933E0EB00CAEB3D /* Release */,
			);
			defaultConfigurationIsVisible = 0;
		};
/* End XCConfigurationList section */
	};
	rootObject = A2E15A8C1933E0EB00CAEB3D /* Project object */;
}
